
Microsoft Visual Studio Solution File, Format Version 12.00
# Visual Studio Version 17
VisualStudioVersion = 17.5.002.0
MinimumVisualStudioVersion = 10.0.40219.1
Project("{9A19103F-16F7-4668-BE54-9A1E7A4F7556}") = "DemoCustomHealtCheck", "DemoCustomHealtCheck.csproj", "{B3767944-B213-4E35-A4C1-5E86D1406712}"
EndProject
Global
	GlobalSection(SolutionConfigurationPlatforms) = preSolution
		Debug|Any CPU = Debug|Any CPU
		Release|Any CPU = Release|Any CPU
	EndGlobalSection
	GlobalSection(ProjectConfigurationPlatforms) = postSolution
		{B3767944-B213-4E35-A4C1-5E86D1406712}.Debug|Any CPU.ActiveCfg = Debug|Any CPU
		{B3767944-B213-4E35-A4C1-5E86D1406712}.Debug|Any CPU.Build.0 = Debug|Any CPU
		{B3767944-B213-4E35-A4C1-5E86D1406712}.Release|Any CPU.ActiveCfg = Release|Any CPU
		{B3767944-B213-4E35-A4C1-5E86D1406712}.Release|Any CPU.Build.0 = Release|Any CPU
	EndGlobalSection
	GlobalSection(SolutionProperties) = preSolution
		HideSolutionNode = FALSE
	EndGlobalSection
	GlobalSection(ExtensibilityGlobals) = postSolution
		SolutionGuid = {0F32A817-F8B4-4DA3-9021-A1E7DC80ACBE}
	EndGlobalSection
EndGlobal
